
Microsoft Visual Studio Solution File, Format Version 12.00
# Visual Studio Version 17
VisualStudioVersion = 17.4.33205.214
MinimumVisualStudioVersion = 10.0.40219.1
Project("{9A19103F-16F7-4668-BE54-9A1E7A4F7556}") = "WebAPI", "Web\WebAPI.csproj", "{62938CE6-BF06-496B-B2F2-9C11FBE51622}"
EndProject
Project("{9A19103F-16F7-4668-BE54-9A1E7A4F7556}") = "WebAPI.Services.Mapping", "Services\Mapping\WebAPI.Services.Mapping.csproj", "{4109F375-E781-4587-B7BA-88D466118DB4}"
EndProject
Project("{2150E333-8FDC-42A3-9474-1A3956D46DE8}") = "Services", "Services", "{4A50DB18-D8A6-4413-AB4D-06AE642C950C}"
EndProject
Project("{9A19103F-16F7-4668-BE54-9A1E7A4F7556}") = "WebAPI.Data.Common", "Data\Common\WebAPI.Data.Common.csproj", "{DAE8B6E7-5939-4128-90F0-A62B9B57FBFE}"
EndProject
Project("{2150E333-8FDC-42A3-9474-1A3956D46DE8}") = "Data", "Data", "{2A078031-94C0-431D-97FD-AC18BB457252}"
EndProject
Project("{9A19103F-16F7-4668-BE54-9A1E7A4F7556}") = "WebAPI.Data.Models", "Data\Models\WebAPI.Data.Models.csproj", "{4FA99B24-12A8-406F-8DA6-BEC9B4E425B2}"
EndProject
Project("{9A19103F-16F7-4668-BE54-9A1E7A4F7556}") = "WebAPI.Data", "Data\Data\WebAPI.Data.csproj", "{4CEA8FBC-702C-4B19-98F0-534FBC5FF583}"
EndProject
Project("{9A19103F-16F7-4668-BE54-9A1E7A4F7556}") = "WebAPI.Common", "Common\WebAPI.Common.csproj", "{AC3FEE3B-00DD-4826-93B6-09E79B301C46}"
EndProject
Project("{9A19103F-16F7-4668-BE54-9A1E7A4F7556}") = "WebAPI.Services.BusinessLogic", "Services\BusinessLogic\WebAPI.Services.BusinessLogic.csproj", "{EB3D048B-E98E-451A-A2B6-DE4AC31148A4}"
EndProject
Project("{9A19103F-16F7-4668-BE54-9A1E7A4F7556}") = "WebAPI.Services.Data", "Services\Data\WebAPI.Services.Data.csproj", "{974325A7-0EFE-4522-A1E2-FBEA0E5397CB}"
EndProject
Project("{9A19103F-16F7-4668-BE54-9A1E7A4F7556}") = "WebAPI.DTOs", "DTOs\WebAPI.DTOs.csproj", "{8AD9B98E-08B1-4F5B-97A9-699EBC66143D}"
EndProject
Global
	GlobalSection(SolutionConfigurationPlatforms) = preSolution
		Debug|Any CPU = Debug|Any CPU
		Release|Any CPU = Release|Any CPU
	EndGlobalSection
	GlobalSection(ProjectConfigurationPlatforms) = postSolution
		{62938CE6-BF06-496B-B2F2-9C11FBE51622}.Debug|Any CPU.ActiveCfg = Debug|Any CPU
		{62938CE6-BF06-496B-B2F2-9C11FBE51622}.Debug|Any CPU.Build.0 = Debug|Any CPU
		{62938CE6-BF06-496B-B2F2-9C11FBE51622}.Release|Any CPU.ActiveCfg = Release|Any CPU
		{62938CE6-BF06-496B-B2F2-9C11FBE51622}.Release|Any CPU.Build.0 = Release|Any CPU
		{4109F375-E781-4587-B7BA-88D466118DB4}.Debug|Any CPU.ActiveCfg = Debug|Any CPU
		{4109F375-E781-4587-B7BA-88D466118DB4}.Debug|Any CPU.Build.0 = Debug|Any CPU
		{4109F375-E781-4587-B7BA-88D466118DB4}.Release|Any CPU.ActiveCfg = Release|Any CPU
		{4109F375-E781-4587-B7BA-88D466118DB4}.Release|Any CPU.Build.0 = Release|Any CPU
		{DAE8B6E7-5939-4128-90F0-A62B9B57FBFE}.Debug|Any CPU.ActiveCfg = Debug|Any CPU
		{DAE8B6E7-5939-4128-90F0-A62B9B57FBFE}.Debug|Any CPU.Build.0 = Debug|Any CPU
		{DAE8B6E7-5939-4128-90F0-A62B9B57FBFE}.Release|Any CPU.ActiveCfg = Release|Any CPU
		{DAE8B6E7-5939-4128-90F0-A62B9B57FBFE}.Release|Any CPU.Build.0 = Release|Any CPU
		{4FA99B24-12A8-406F-8DA6-BEC9B4E425B2}.Debug|Any CPU.ActiveCfg = Debug|Any CPU
		{4FA99B24-12A8-406F-8DA6-BEC9B4E425B2}.Debug|Any CPU.Build.0 = Debug|Any CPU
		{4FA99B24-12A8-406F-8DA6-BEC9B4E425B2}.Release|Any CPU.ActiveCfg = Release|Any CPU
		{4FA99B24-12A8-406F-8DA6-BEC9B4E425B2}.Release|Any CPU.Build.0 = Release|Any CPU
		{4CEA8FBC-702C-4B19-98F0-534FBC5FF583}.Debug|Any CPU.ActiveCfg = Debug|Any CPU
		{4CEA8FBC-702C-4B19-98F0-534FBC5FF583}.Debug|Any CPU.Build.0 = Debug|Any CPU
		{4CEA8FBC-702C-4B19-98F0-534FBC5FF583}.Release|Any CPU.ActiveCfg = Release|Any CPU
		{4CEA8FBC-702C-4B19-98F0-534FBC5FF583}.Release|Any CPU.Build.0 = Release|Any CPU
		{AC3FEE3B-00DD-4826-93B6-09E79B301C46}.Debug|Any CPU.ActiveCfg = Debug|Any CPU
		{AC3FEE3B-00DD-4826-93B6-09E79B301C46}.Debug|Any CPU.Build.0 = Debug|Any CPU
		{AC3FEE3B-00DD-4826-93B6-09E79B301C46}.Release|Any CPU.ActiveCfg = Release|Any CPU
		{AC3FEE3B-00DD-4826-93B6-09E79B301C46}.Release|Any CPU.Build.0 = Release|Any CPU
		{EB3D048B-E98E-451A-A2B6-DE4AC31148A4}.Debug|Any CPU.ActiveCfg = Debug|Any CPU
		{EB3D048B-E98E-451A-A2B6-DE4AC31148A4}.Debug|Any CPU.Build.0 = Debug|Any CPU
		{EB3D048B-E98E-451A-A2B6-DE4AC31148A4}.Release|Any CPU.ActiveCfg = Release|Any CPU
		{EB3D048B-E98E-451A-A2B6-DE4AC31148A4}.Release|Any CPU.Build.0 = Release|Any CPU
		{974325A7-0EFE-4522-A1E2-FBEA0E5397CB}.Debug|Any CPU.ActiveCfg = Debug|Any CPU
		{974325A7-0EFE-4522-A1E2-FBEA0E5397CB}.Debug|Any CPU.Build.0 = Debug|Any CPU
		{974325A7-0EFE-4522-A1E2-FBEA0E5397CB}.Release|Any CPU.ActiveCfg = Release|Any CPU
		{974325A7-0EFE-4522-A1E2-FBEA0E5397CB}.Release|Any CPU.Build.0 = Release|Any CPU
		{8AD9B98E-08B1-4F5B-97A9-699EBC66143D}.Debug|Any CPU.ActiveCfg = Debug|Any CPU
		{8AD9B98E-08B1-4F5B-97A9-699EBC66143D}.Debug|Any CPU.Build.0 = Debug|Any CPU
		{8AD9B98E-08B1-4F5B-97A9-699EBC66143D}.Release|Any CPU.ActiveCfg = Release|Any CPU
		{8AD9B98E-08B1-4F5B-97A9-699EBC66143D}.Release|Any CPU.Build.0 = Release|Any CPU
	EndGlobalSection
	GlobalSection(SolutionProperties) = preSolution
		HideSolutionNode = FALSE
	EndGlobalSection
	GlobalSection(NestedProjects) = preSolution
		{4109F375-E781-4587-B7BA-88D466118DB4} = {4A50DB18-D8A6-4413-AB4D-06AE642C950C}
		{DAE8B6E7-5939-4128-90F0-A62B9B57FBFE} = {2A078031-94C0-431D-97FD-AC18BB457252}
		{4FA99B24-12A8-406F-8DA6-BEC9B4E425B2} = {2A078031-94C0-431D-97FD-AC18BB457252}
		{4CEA8FBC-702C-4B19-98F0-534FBC5FF583} = {2A078031-94C0-431D-97FD-AC18BB457252}
		{EB3D048B-E98E-451A-A2B6-DE4AC31148A4} = {4A50DB18-D8A6-4413-AB4D-06AE642C950C}
		{974325A7-0EFE-4522-A1E2-FBEA0E5397CB} = {4A50DB18-D8A6-4413-AB4D-06AE642C950C}
	EndGlobalSection
	GlobalSection(ExtensibilityGlobals) = postSolution
		SolutionGuid = {E304601B-8ED7-4C05-B3E1-0727FFC73903}
	EndGlobalSection
EndGlobal
